{
  "nodes": {
    "devshell": {
      "inputs": {
        "nixpkgs": [
          "nixpkgs"
        ]
      },
      "locked": {
        "lastModified": 1741473158,
        "narHash": "sha256-kWNaq6wQUbUMlPgw8Y+9/9wP0F8SHkjy24/mN3UAppg=",
        "owner": "numtide",
        "repo": "devshell",
        "rev": "7c9e793ebe66bcba8292989a68c0419b737a22a0",
        "type": "github"
      },
      "original": {
        "owner": "numtide",
        "repo": "devshell",
        "type": "github"
      }
    },
    "home-manager": {
      "inputs": {
        "nixpkgs": [
          "nixpkgs"
        ]
      },
      "locked": {
        "lastModified": 1749243446,
        "narHash": "sha256-P1gumhZN5N9q+39ndePHYrtwOwY1cGx+VoXGl+vTm7A=",
        "owner": "nix-community",
        "repo": "home-manager",
        "rev": "2d7d65f65b61fdfce23278e59ca266ddd0ef0a36",
        "type": "github"
      },
      "original": {
        "owner": "nix-community",
        "repo": "home-manager",
        "type": "github"
      }
    },
    "lf-icons": {
      "flake": false,
      "locked": {
        "lastModified": 1749291151,
        "narHash": "sha256-8a6K7YdgBh8Qr44A6t8AoF78pSmMQIAosOPNo+/FLlY=",
        "owner": "gokcehan",
        "repo": "lf",
        "rev": "249264b4cd423f564bd90661e555679ad74f38bd",
        "type": "github"
      },
      "original": {
        "owner": "gokcehan",
        "repo": "lf",
        "type": "github"
      }
    },
    "nh": {
      "inputs": {
        "nixpkgs": [
          "nixpkgs"
        ]
      },
      "locked": {
        "lastModified": 1745434669,
        "narHash": "sha256-Pqff6gVSNP2kA0Oo0t9CUy9cdf2yGnwSfwlOvS5LtKM=",
        "owner": "notashelf",
        "repo": "nh",
        "rev": "29f74df5734cdaf41edc81aaa25e6ff0a73fe78f",
        "type": "github"
      },
      "original": {
        "owner": "notashelf",
        "repo": "nh",
        "rev": "29f74df5734cdaf41edc81aaa25e6ff0a73fe78f",
        "type": "github"
      }
    },
    "nix-flatpak": {
      "locked": {
        "lastModified": 1744659587,
        "narHash": "sha256-xJnbmRVte13akgn+Prg06IaRHJ5OX3uVltwsCP/mxoc=",
        "owner": "gmodena",
        "repo": "nix-flatpak",
        "rev": "928d868a9141b48f152d3b2b00c433e688d4b106",
        "type": "github"
      },
      "original": {
        "owner": "gmodena",
        "repo": "nix-flatpak",
        "type": "github"
      }
    },
    "nixpkgs": {
      "locked": {
        "lastModified": 1749323244,
        "narHash": "sha256-+hBO18dfV3Kp5UAW7v4p39A7uRPIfXeG1/TUQDNWP98=",
        "owner": "nixos",
        "repo": "nixpkgs",
        "rev": "637d900e333c7d2c95274a059459f5b4bcb6accd",
        "type": "github"
      },
      "original": {
        "owner": "nixos",
        "repo": "nixpkgs",
        "type": "github"
      }
    },
    "nixpkgs_2": {
      "locked": {
        "lastModified": 1744536153,
        "narHash": "sha256-awS2zRgF4uTwrOKwwiJcByDzDOdo3Q1rPZbiHQg/N38=",
        "owner": "NixOS",
        "repo": "nixpkgs",
        "rev": "18dd725c29603f582cf1900e0d25f9f1063dbf11",
        "type": "github"
      },
      "original": {
        "owner": "NixOS",
        "ref": "nixpkgs-unstable",
        "repo": "nixpkgs",
        "type": "github"
      }
    },
    "root": {
      "inputs": {
        "devshell": "devshell",
        "home-manager": "home-manager",
        "lf-icons": "lf-icons",
        "nh": "nh",
        "nix-flatpak": "nix-flatpak",
        "nixpkgs": "nixpkgs",
        "rust-overlay": "rust-overlay"
      }
    },
    "rust-overlay": {
      "inputs": {
        "nixpkgs": "nixpkgs_2"
      },
      "locked": {
        "lastModified": 1749263796,
        "narHash": "sha256-m52UsUrcNjAzgc0cwcg94INkiFyVPTn6KbFGr4x4cu8=",
        "owner": "oxalica",
        "repo": "rust-overlay",
        "rev": "6e1d910306edfe6e4b718878f222c5672500d6b2",
        "type": "github"
      },
      "original": {
        "owner": "oxalica",
        "repo": "rust-overlay",
        "type": "github"
      }
    }
  },
  "root": "root",
  "version": 7
}
